
Microsoft Visual Studio Solution File, Format Version 12.00
# Visual Studio 15
VisualStudioVersion = 15.0.27428.2002
MinimumVisualStudioVersion = 10.0.40219.1
Project("{8BC9CEB8-8B4A-11D0-8D11-00A0C91BC942}") = "graph-lab1", "graph-lab1\graph-lab1.vcxproj", "{A1AB2B88-33F7-40AC-AD3F-A2D46E999983}"
EndProject
Global
	GlobalSection(SolutionConfigurationPlatforms) = preSolution
		Debug|x64 = Debug|x64
		Debug|x86 = Debug|x86
		Release|x64 = Release|x64
		Release|x86 = Release|x86
	EndGlobalSection
	GlobalSection(ProjectConfigurationPlatforms) = postSolution
		{A1AB2B88-33F7-40AC-AD3F-A2D46E999983}.Debug|x64.ActiveCfg = Debug|x64
		{A1AB2B88-33F7-40AC-AD3F-A2D46E999983}.Debug|x64.Build.0 = Debug|x64
		{A1AB2B88-33F7-40AC-AD3F-A2D46E999983}.Debug|x86.ActiveCfg = Debug|Win32
		{A1AB2B88-33F7-40AC-AD3F-A2D46E999983}.Debug|x86.Build.0 = Debug|Win32
		{A1AB2B88-33F7-40AC-AD3F-A2D46E999983}.Release|x64.ActiveCfg = Release|x64
		{A1AB2B88-33F7-40AC-AD3F-A2D46E999983}.Release|x64.Build.0 = Release|x64
		{A1AB2B88-33F7-40AC-AD3F-A2D46E999983}.Release|x86.ActiveCfg = Release|Win32
		{A1AB2B88-33F7-40AC-AD3F-A2D46E999983}.Release|x86.Build.0 = Release|Win32
	EndGlobalSection
	GlobalSection(SolutionProperties) = preSolution
		HideSolutionNode = FALSE
	EndGlobalSection
	GlobalSection(ExtensibilityGlobals) = postSolution
		SolutionGuid = {1A62286D-3D19-4CB4-8CF2-0A0492D1E7EA}
	EndGlobalSection
EndGlobal
