
Microsoft Visual Studio Solution File, Format Version 12.00
# Visual Studio 15
VisualStudioVersion = 15.0.28307.168
MinimumVisualStudioVersion = 10.0.40219.1
Project("{FAE04EC0-301F-11D3-BF4B-00C04F79EFBC}") = "soa_lab3_client", "soa_lab3_client\soa_lab3_client.csproj", "{0A0A745D-81AD-4A6C-A23B-8C504E499195}"
EndProject
Global
	GlobalSection(SolutionConfigurationPlatforms) = preSolution
		Debug|Any CPU = Debug|Any CPU
		Release|Any CPU = Release|Any CPU
	EndGlobalSection
	GlobalSection(ProjectConfigurationPlatforms) = postSolution
		{0A0A745D-81AD-4A6C-A23B-8C504E499195}.Debug|Any CPU.ActiveCfg = Debug|Any CPU
		{0A0A745D-81AD-4A6C-A23B-8C504E499195}.Debug|Any CPU.Build.0 = Debug|Any CPU
		{0A0A745D-81AD-4A6C-A23B-8C504E499195}.Release|Any CPU.ActiveCfg = Release|Any CPU
		{0A0A745D-81AD-4A6C-A23B-8C504E499195}.Release|Any CPU.Build.0 = Release|Any CPU
	EndGlobalSection
	GlobalSection(SolutionProperties) = preSolution
		HideSolutionNode = FALSE
	EndGlobalSection
	GlobalSection(ExtensibilityGlobals) = postSolution
		SolutionGuid = {B8B18C23-4B37-492A-BCB3-040B241945D0}
	EndGlobalSection
EndGlobal
